
Microsoft Visual Studio Solution File, Format Version 12.00
# Visual Studio Version 16
VisualStudioVersion = 16.0.31129.286
MinimumVisualStudioVersion = 10.0.40219.1
Project("{FAE04EC0-301F-11D3-BF4B-00C04F79EFBC}") = "RatingBot", "RatingBot\RatingBot.csproj", "{2D6CC78B-90CC-48FE-989B-AB2BDE78163F}"
EndProject
Global
	GlobalSection(SolutionConfigurationPlatforms) = preSolution
		Debug|Any CPU = Debug|Any CPU
		Release|Any CPU = Release|Any CPU
	EndGlobalSection
	GlobalSection(ProjectConfigurationPlatforms) = postSolution
		{2D6CC78B-90CC-48FE-989B-AB2BDE78163F}.Debug|Any CPU.ActiveCfg = Debug|Any CPU
		{2D6CC78B-90CC-48FE-989B-AB2BDE78163F}.Debug|Any CPU.Build.0 = Debug|Any CPU
		{2D6CC78B-90CC-48FE-989B-AB2BDE78163F}.Release|Any CPU.ActiveCfg = Release|Any CPU
		{2D6CC78B-90CC-48FE-989B-AB2BDE78163F}.Release|Any CPU.Build.0 = Release|Any CPU
	EndGlobalSection
	GlobalSection(SolutionProperties) = preSolution
		HideSolutionNode = FALSE
	EndGlobalSection
	GlobalSection(ExtensibilityGlobals) = postSolution
		SolutionGuid = {02EE67A6-FC75-4DB3-A489-42E4A6421202}
	EndGlobalSection
EndGlobal
